
Microsoft Visual Studio Solution File, Format Version 12.00
# Visual Studio Version 17
VisualStudioVersion = 17.1.32407.343
MinimumVisualStudioVersion = 10.0.40219.1
Project("{FAE04EC0-301F-11D3-BF4B-00C04F79EFBC}") = "DisplayingDirectories", "DisplayingDirectories\DisplayingDirectories.csproj", "{68792A8D-4127-4423-A1D7-21DC810F26CD}"
EndProject
Global
	GlobalSection(SolutionConfigurationPlatforms) = preSolution
		Debug|Any CPU = Debug|Any CPU
		Release|Any CPU = Release|Any CPU
	EndGlobalSection
	GlobalSection(ProjectConfigurationPlatforms) = postSolution
		{68792A8D-4127-4423-A1D7-21DC810F26CD}.Debug|Any CPU.ActiveCfg = Debug|Any CPU
		{68792A8D-4127-4423-A1D7-21DC810F26CD}.Debug|Any CPU.Build.0 = Debug|Any CPU
		{68792A8D-4127-4423-A1D7-21DC810F26CD}.Release|Any CPU.ActiveCfg = Release|Any CPU
		{68792A8D-4127-4423-A1D7-21DC810F26CD}.Release|Any CPU.Build.0 = Release|Any CPU
	EndGlobalSection
	GlobalSection(SolutionProperties) = preSolution
		HideSolutionNode = FALSE
	EndGlobalSection
	GlobalSection(ExtensibilityGlobals) = postSolution
		SolutionGuid = {02C2A76F-BA15-4361-BBD3-37CE60F30BFA}
	EndGlobalSection
EndGlobal
